// !$*UTF8*$!
{
	archiveVersion = 1;
	classes = {
	};
	objectVersion = 46;
	objects = {

/* Begin PBXBuildFile section */
		38EC114B49160F05F5B9528A /* libPods.a in Frameworks */ = {isa = PBXBuildFile; fileRef = B0FF8A345C152EE169147806 /* libPods.a */; };
		4BFD498B1C0127D400D2331A /* main.m in Sources */ = {isa = PBXBuildFile; fileRef = 4BFD498A1C0127D400D2331A /* main.m */; };
		4BFD498E1C0127D400D2331A /* AppDelegate.m in Sources */ = {isa = PBXBuildFile; fileRef = 4BFD498D1C0127D400D2331A /* AppDelegate.m */; };
		4BFD49911C0127D400D2331A /* ViewController.m in Sources */ = {isa = PBXBuildFile; fileRef = 4BFD49901C0127D400D2331A /* ViewController.m */; };
		4BFD49941C0127D400D2331A /* Main.storyboard in Resources */ = {isa = PBXBuildFile; fileRef = 4BFD49921C0127D400D2331A /* Main.storyboard */; };
		4BFD49961C0127D400D2331A /* Assets.xcassets in Resources */ = {isa = PBXBuildFile; fileRef = 4BFD49951C0127D400D2331A /* Assets.xcassets */; };
		4BFD49991C0127D400D2331A /* LaunchScreen.storyboard in Resources */ = {isa = PBXBuildFile; fileRef = 4BFD49971C0127D400D2331A /* LaunchScreen.storyboard */; };
		4BFD49A41C0127D400D2331A /* KDNScenePathTests.m in Sources */ = {isa = PBXBuildFile; fileRef = 4BFD49A31C0127D400D2331A /* KDNScenePathTests.m */; };
		4BFD49AF1C0127D500D2331A /* KDNScenePathUITests.m in Sources */ = {isa = PBXBuildFile; fileRef = 4BFD49AE1C0127D500D2331A /* KDNScenePathUITests.m */; };
/* End PBXBuildFile section */

/* Begin PBXContainerItemProxy section */
		4BFD49A01C0127D400D2331A /* PBXContainerItemProxy */ = {
			isa = PBXContainerItemProxy;
			containerPortal = 4BFD497E1C0127D400D2331A /* Project object */;
			proxyType = 1;
			remoteGlobalIDString = 4BFD49851C0127D400D2331A;
			remoteInfo = KDNScenePath;
		};
		4BFD49AB1C0127D500D2331A /* PBXContainerItemProxy */ = {
			isa = PBXContainerItemProxy;
			containerPortal = 4BFD497E1C0127D400D2331A /* Project object */;
			proxyType = 1;
			remoteGlobalIDString = 4BFD49851C0127D400D2331A;
			remoteInfo = KDNScenePath;
		};
/* End PBXContainerItemProxy section */

/* Begin PBXFileReference section */
		4BFD49861C0127D400D2331A /* KDNScenePath.app */ = {isa = PBXFileReference; explicitFileType = wrapper.application; includeInIndex = 0; path = KDNScenePath.app; sourceTree = BUILT_PRODUCTS_DIR; };
		4BFD498A1C0127D400D2331A /* main.m */ = {isa = PBXFileReference; lastKnownFileType = sourcecode.c.objc; path = main.m; sourceTree = "<group>"; };
		4BFD498C1C0127D400D2331A /* AppDelegate.h */ = {isa = PBXFileReference; lastKnownFileType = sourcecode.c.h; path = AppDelegate.h; sourceTree = "<group>"; };
		4BFD498D1C0127D400D2331A /* AppDelegate.m */ = {isa = PBXFileReference; lastKnownFileType = sourcecode.c.objc; path = AppDelegate.m; sourceTree = "<group>"; };
		4BFD498F1C0127D400D2331A /* ViewController.h */ = {isa = PBXFileReference; lastKnownFileType = sourcecode.c.h; path = ViewController.h; sourceTree = "<group>"; };
		4BFD49901C0127D400D2331A /* ViewController.m */ = {isa = PBXFileReference; lastKnownFileType = sourcecode.c.objc; path = ViewController.m; sourceTree = "<group>"; };
		4BFD49931C0127D400D2331A /* Base */ = {isa = PBXFileReference; lastKnownFileType = file.storyboard; name = Base; path = Base.lproj/Main.storyboard; sourceTree = "<group>"; };
		4BFD49951C0127D400D2331A /* Assets.xcassets */ = {isa = PBXFileReference; lastKnownFileType = folder.assetcatalog; path = Assets.xcassets; sourceTree = "<group>"; };
		4BFD49981C0127D400D2331A /* Base */ = {isa = PBXFileReference; lastKnownFileType = file.storyboard; name = Base; path = Base.lproj/LaunchScreen.storyboard; sourceTree = "<group>"; };
		4BFD499A1C0127D400D2331A /* Info.plist */ = {isa = PBXFileReference; lastKnownFileType = text.plist.xml; path = Info.plist; sourceTree = "<group>"; };
		4BFD499F1C0127D400D2331A /* KDNScenePathTests.xctest */ = {isa = PBXFileReference; explicitFileType = wrapper.cfbundle; includeInIndex = 0; path = KDNScenePathTests.xctest; sourceTree = BUILT_PRODUCTS_DIR; };
		4BFD49A31C0127D400D2331A /* KDNScenePathTests.m */ = {isa = PBXFileReference; lastKnownFileType = sourcecode.c.objc; path = KDNScenePathTests.m; sourceTree = "<group>"; };
		4BFD49A51C0127D400D2331A /* Info.plist */ = {isa = PBXFileReference; lastKnownFileType = text.plist.xml; path = Info.plist; sourceTree = "<group>"; };
		4BFD49AA1C0127D500D2331A /* KDNScenePathUITests.xctest */ = {isa = PBXFileReference; explicitFileType = wrapper.cfbundle; includeInIndex = 0; path = KDNScenePathUITests.xctest; sourceTree = BUILT_PRODUCTS_DIR; };
		4BFD49AE1C0127D500D2331A /* KDNScenePathUITests.m */ = {isa = PBXFileReference; lastKnownFileType = sourcecode.c.objc; path = KDNScenePathUITests.m; sourceTree = "<group>"; };
		4BFD49B01C0127D500D2331A /* Info.plist */ = {isa = PBXFileReference; lastKnownFileType = text.plist.xml; path = Info.plist; sourceTree = "<group>"; };
		B0FF8A345C152EE169147806 /* libPods.a */ = {isa = PBXFileReference; explicitFileType = archive.ar; includeInIndex = 0; path = libPods.a; sourceTree = BUILT_PRODUCTS_DIR; };
		C7596085230ECF242D93A26B /* Pods.release.xcconfig */ = {isa = PBXFileReference; includeInIndex = 1; lastKnownFileType = text.xcconfig; name = Pods.release.xcconfig; path = "Pods/Target Support Files/Pods/Pods.release.xcconfig"; sourceTree = "<group>"; };
		D2768AB70F1C5D3DB016676E /* Pods.debug.xcconfig */ = {isa = PBXFileReference; includeInIndex = 1; lastKnownFileType = text.xcconfig; name = Pods.debug.xcconfig; path = "Pods/Target Support Files/Pods/Pods.debug.xcconfig"; sourceTree = "<group>"; };
/* End PBXFileReference section */

/* Begin PBXFrameworksBuildPhase section */
		4BFD49831C0127D400D2331A /* Frameworks */ = {
			isa = PBXFrameworksBuildPhase;
			buildActionMask = 2147483647;
			files = (
				38EC114B49160F05F5B9528A /* libPods.a in Frameworks */,
			);
			runOnlyForDeploymentPostprocessing = 0;
		};
		4BFD499C1C0127D400D2331A /* Frameworks */ = {
			isa = PBXFrameworksBuildPhase;
			buildActionMask = 2147483647;
			files = (
			);
			runOnlyForDeploymentPostprocessing = 0;
		};
		4BFD49A71C0127D500D2331A /* Frameworks */ = {
			isa = PBXFrameworksBuildPhase;
			buildActionMask = 2147483647;
			files = (
			);
			runOnlyForDeploymentPostprocessing = 0;
		};
/* End PBXFrameworksBuildPhase section */

/* Begin PBXGroup section */
		4BFD497D1C0127D400D2331A = {
			isa = PBXGroup;
			children = (
				4BFD49881C0127D400D2331A /* KDNScenePath */,
				4BFD49A21C0127D400D2331A /* KDNScenePathTests */,
				4BFD49AD1C0127D500D2331A /* KDNScenePathUITests */,
				4BFD49871C0127D400D2331A /* Products */,
				68BCCCF2FCD30A39F2C830F7 /* Pods */,
				555B305464520C6210AEB04E /* Frameworks */,
			);
			sourceTree = "<group>";
		};
		4BFD49871C0127D400D2331A /* Products */ = {
			isa = PBXGroup;
			children = (
				4BFD49861C0127D400D2331A /* KDNScenePath.app */,
				4BFD499F1C0127D400D2331A /* KDNScenePathTests.xctest */,
				4BFD49AA1C0127D500D2331A /* KDNScenePathUITests.xctest */,
			);
			name = Products;
			sourceTree = "<group>";
		};
		4BFD49881C0127D400D2331A /* KDNScenePath */ = {
			isa = PBXGroup;
			children = (
				4BFD498C1C0127D400D2331A /* AppDelegate.h */,
				4BFD498D1C0127D400D2331A /* AppDelegate.m */,
				4BFD498F1C0127D400D2331A /* ViewController.h */,
				4BFD49901C0127D400D2331A /* ViewController.m */,
				4BFD49921C0127D400D2331A /* Main.storyboard */,
				4BFD49951C0127D400D2331A /* Assets.xcassets */,
				4BFD49971C0127D400D2331A /* LaunchScreen.storyboard */,
				4BFD499A1C0127D400D2331A /* Info.plist */,
				4BFD49891C0127D400D2331A /* Supporting Files */,
			);
			path = KDNScenePath;
			sourceTree = "<group>";
		};
		4BFD49891C0127D400D2331A /* Supporting Files */ = {
			isa = PBXGroup;
			children = (
				4BFD498A1C0127D400D2331A /* main.m */,
			);
			name = "Supporting Files";
			sourceTree = "<group>";
		};
		4BFD49A21C0127D400D2331A /* KDNScenePathTests */ = {
			isa = PBXGroup;
			children = (
				4BFD49A31C0127D400D2331A /* KDNScenePathTests.m */,
				4BFD49A51C0127D400D2331A /* Info.plist */,
			);
			path = KDNScenePathTests;
			sourceTree = "<group>";
		};
		4BFD49AD1C0127D500D2331A /* KDNScenePathUITests */ = {
			isa = PBXGroup;
			children = (
				4BFD49AE1C0127D500D2331A /* KDNScenePathUITests.m */,
				4BFD49B01C0127D500D2331A /* Info.plist */,
			);
			path = KDNScenePathUITests;
			sourceTree = "<group>";
		};
		555B305464520C6210AEB04E /* Frameworks */ = {
			isa = PBXGroup;
			children = (
				B0FF8A345C152EE169147806 /* libPods.a */,
			);
			name = Frameworks;
			sourceTree = "<group>";
		};
		68BCCCF2FCD30A39F2C830F7 /* Pods */ = {
			isa = PBXGroup;
			children = (
				D2768AB70F1C5D3DB016676E /* Pods.debug.xcconfig */,
				C7596085230ECF242D93A26B /* Pods.release.xcconfig */,
			);
			name = Pods;
			sourceTree = "<group>";
		};
/* End PBXGroup section */

/* Begin PBXNativeTarget section */
		4BFD49851C0127D400D2331A /* KDNScenePath */ = {
			isa = PBXNativeTarget;
			buildConfigurationList = 4BFD49B31C0127D500D2331A /* Build configuration list for PBXNativeTarget "KDNScenePath" */;
			buildPhases = (
				E8C5692C81FBAFF0060BC822 /* Check Pods Manifest.lock */,
				4BFD49821C0127D400D2331A /* Sources */,
				4BFD49831C0127D400D2331A /* Frameworks */,
				4BFD49841C0127D400D2331A /* Resources */,
				4E1608EC6E44CEF949F22BC6 /* Embed Pods Frameworks */,
				BDAFF3342776E535F9B799BC /* Copy Pods Resources */,
			);
			buildRules = (
			);
			dependencies = (
			);
			name = KDNScenePath;
			productName = KDNScenePath;
			productReference = 4BFD49861C0127D400D2331A /* KDNScenePath.app */;
			productType = "com.apple.product-type.application";
		};
		4BFD499E1C0127D400D2331A /* KDNScenePathTests */ = {
			isa = PBXNativeTarget;
			buildConfigurationList = 4BFD49B61C0127D500D2331A /* Build configuration list for PBXNativeTarget "KDNScenePathTests" */;
			buildPhases = (
				4BFD499B1C0127D400D2331A /* Sources */,
				4BFD499C1C0127D400D2331A /* Frameworks */,
				4BFD499D1C0127D400D2331A /* Resources */,
			);
			buildRules = (
			);
			dependencies = (
				4BFD49A11C0127D400D2331A /* PBXTargetDependency */,
			);
			name = KDNScenePathTests;
			productName = KDNScenePathTests;
			productReference = 4BFD499F1C0127D400D2331A /* KDNScenePathTests.xctest */;
			productType = "com.apple.product-type.bundle.unit-test";
		};
		4BFD49A91C0127D500D2331A /* KDNScenePathUITests */ = {
			isa = PBXNativeTarget;
			buildConfigurationList = 4BFD49B91C0127D500D2331A /* Build configuration list for PBXNativeTarget "KDNScenePathUITests" */;
			buildPhases = (
				4BFD49A61C0127D500D2331A /* Sources */,
				4BFD49A71C0127D500D2331A /* Frameworks */,
				4BFD49A81C0127D500D2331A /* Resources */,
			);
			buildRules = (
			);
			dependencies = (
				4BFD49AC1C0127D500D2331A /* PBXTargetDependency */,
			);
			name = KDNScenePathUITests;
			productName = KDNScenePathUITests;
			productReference = 4BFD49AA1C0127D500D2331A /* KDNScenePathUITests.xctest */;
			productType = "com.apple.product-type.bundle.ui-testing";
		};
/* End PBXNativeTarget section */

/* Begin PBXProject section */
		4BFD497E1C0127D400D2331A /* Project object */ = {
			isa = PBXProject;
			attributes = {
				LastUpgradeCheck = 0710;
				ORGANIZATIONNAME = "Kien Nguyen Duy";
				TargetAttributes = {
					4BFD49851C0127D400D2331A = {
						CreatedOnToolsVersion = 7.1.1;
						DevelopmentTeam = 59X76W98K9;
					};
					4BFD499E1C0127D400D2331A = {
						CreatedOnToolsVersion = 7.1.1;
						TestTargetID = 4BFD49851C0127D400D2331A;
					};
					4BFD49A91C0127D500D2331A = {
						CreatedOnToolsVersion = 7.1.1;
						TestTargetID = 4BFD49851C0127D400D2331A;
					};
				};
			};
			buildConfigurationList = 4BFD49811C0127D400D2331A /* Build configuration list for PBXProject "KDNScenePath" */;
			compatibilityVersion = "Xcode 3.2";
			developmentRegion = English;
			hasScannedForEncodings = 0;
			knownRegions = (
				en,
				Base,
			);
			mainGroup = 4BFD497D1C0127D400D2331A;
			productRefGroup = 4BFD49871C0127D400D2331A /* Products */;
			projectDirPath = "";
			projectRoot = "";
			targets = (
				4BFD49851C0127D400D2331A /* KDNScenePath */,
				4BFD499E1C0127D400D2331A /* KDNScenePathTests */,
				4BFD49A91C0127D500D2331A /* KDNScenePathUITests */,
			);
		};
/* End PBXProject section */

/* Begin PBXResourcesBuildPhase section */
		4BFD49841C0127D400D2331A /* Resources */ = {
			isa = PBXResourcesBuildPhase;
			buildActionMask = 2147483647;
			files = (
				4BFD49991C0127D400D2331A /* LaunchScreen.storyboard in Resources */,
				4BFD49961C0127D400D2331A /* Assets.xcassets in Resources */,
				4BFD49941C0127D400D2331A /* Main.storyboard in Resources */,
			);
			runOnlyForDeploymentPostprocessing = 0;
		};
		4BFD499D1C0127D400D2331A /* Resources */ = {
			isa = PBXResourcesBuildPhase;
			buildActionMask = 2147483647;
			files = (
			);
			runOnlyForDeploymentPostprocessing = 0;
		};
		4BFD49A81C0127D500D2331A /* Resources */ = {
			isa = PBXResourcesBuildPhase;
			buildActionMask = 2147483647;
			files = (
			);
			runOnlyForDeploymentPostprocessing = 0;
		};
/* End PBXResourcesBuildPhase section */

/* Begin PBXShellScriptBuildPhase section */
		4E1608EC6E44CEF949F22BC6 /* Embed Pods Frameworks */ = {
			isa = PBXShellScriptBuildPhase;
			buildActionMask = 2147483647;
			files = (
			);
			inputPaths = (
			);
			name = "Embed Pods Frameworks";
			outputPaths = (
			);
			runOnlyForDeploymentPostprocessing = 0;
			shellPath = /bin/sh;
			shellScript = "\"${SRCROOT}/Pods/Target Support Files/Pods/Pods-frameworks.sh\"\n";
			showEnvVarsInLog = 0;
		};
		BDAFF3342776E535F9B799BC /* Copy Pods Resources */ = {
			isa = PBXShellScriptBuildPhase;
			buildActionMask = 2147483647;
			files = (
			);
			inputPaths = (
			);
			name = "Copy Pods Resources";
			outputPaths = (
			);
			runOnlyForDeploymentPostprocessing = 0;
			shellPath = /bin/sh;
			shellScript = "\"${SRCROOT}/Pods/Target Support Files/Pods/Pods-resources.sh\"\n";
			showEnvVarsInLog = 0;
		};
		E8C5692C81FBAFF0060BC822 /* Check Pods Manifest.lock */ = {
			isa = PBXShellScriptBuildPhase;
			buildActionMask = 2147483647;
			files = (
			);
			inputPaths = (
			);
			name = "Check Pods Manifest.lock";
			outputPaths = (
			);
			runOnlyForDeploymentPostprocessing = 0;
			shellPath = /bin/sh;
			shellScript = "diff \"${PODS_ROOT}/../Podfile.lock\" \"${PODS_ROOT}/Manifest.lock\" > /dev/null\nif [[ $? != 0 ]] ; then\n    cat << EOM\nerror: The sandbox is not in sync with the Podfile.lock. Run 'pod install' or update your CocoaPods installation.\nEOM\n    exit 1\nfi\n";
			showEnvVarsInLog = 0;
		};
/* End PBXShellScriptBuildPhase section */

/* Begin PBXSourcesBuildPhase section */
		4BFD49821C0127D400D2331A /* Sources */ = {
			isa = PBXSourcesBuildPhase;
			buildActionMask = 2147483647;
			files = (
				4BFD49911C0127D400D2331A /* ViewController.m in Sources */,
				4BFD498E1C0127D400D2331A /* AppDelegate.m in Sources */,
				4BFD498B1C0127D400D2331A /* main.m in Sources */,
			);
			runOnlyForDeploymentPostprocessing = 0;
		};
		4BFD499B1C0127D400D2331A /* Sources */ = {
			isa = PBXSourcesBuildPhase;
			buildActionMask = 2147483647;
			files = (
				4BFD49A41C0127D400D2331A /* KDNScenePathTests.m in Sources */,
			);
			runOnlyForDeploymentPostprocessing = 0;
		};
		4BFD49A61C0127D500D2331A /* Sources */ = {
			isa = PBXSourcesBuildPhase;
			buildActionMask = 2147483647;
			files = (
				4BFD49AF1C0127D500D2331A /* KDNScenePathUITests.m in Sources */,
			);
			runOnlyForDeploymentPostprocessing = 0;
		};
/* End PBXSourcesBuildPhase section */

/* Begin PBXTargetDependency section */
		4BFD49A11C0127D400D2331A /* PBXTargetDependency */ = {
			isa = PBXTargetDependency;
			target = 4BFD49851C0127D400D2331A /* KDNScenePath */;
			targetProxy = 4BFD49A01C0127D400D2331A /* PBXContainerItemProxy */;
		};
		4BFD49AC1C0127D500D2331A /* PBXTargetDependency */ = {
			isa = PBXTargetDependency;
			target = 4BFD49851C0127D400D2331A /* KDNScenePath */;
			targetProxy = 4BFD49AB1C0127D500D2331A /* PBXContainerItemProxy */;
		};
/* End PBXTargetDependency section */

/* Begin PBXVariantGroup section */
		4BFD49921C0127D400D2331A /* Main.storyboard */ = {
			isa = PBXVariantGroup;
			children = (
				4BFD49931C0127D400D2331A /* Base */,
			);
			name = Main.storyboard;
			sourceTree = "<group>";
		};
		4BFD49971C0127D400D2331A /* LaunchScreen.storyboard */ = {
			isa = PBXVariantGroup;
			children = (
				4BFD49981C0127D400D2331A /* Base */,
			);
			name = LaunchScreen.storyboard;
			sourceTree = "<group>";
		};
/* End PBXVariantGroup section */

/* Begin XCBuildConfiguration section */
		4BFD49B11C0127D500D2331A /* Debug */ = {
			isa = XCBuildConfiguration;
			buildSettings = {
				ALWAYS_SEARCH_USER_PATHS = NO;
				CLANG_CXX_LANGUAGE_STANDARD = "gnu++0x";
				CLANG_CXX_LIBRARY = "libc++";
				CLANG_ENABLE_MODULES = YES;
				CLANG_ENABLE_OBJC_ARC = YES;
				CLANG_WARN_BOOL_CONVERSION = YES;
				CLANG_WARN_CONSTANT_CONVERSION = YES;
				CLANG_WARN_DIRECT_OBJC_ISA_USAGE = YES_ERROR;
				CLANG_WARN_EMPTY_BODY = YES;
				CLANG_WARN_ENUM_CONVERSION = YES;
				CLANG_WARN_INT_CONVERSION = YES;
				CLANG_WARN_OBJC_ROOT_CLASS = YES_ERROR;
				CLANG_WARN_UNREACHABLE_CODE = YES;
				CLANG_WARN__DUPLICATE_METHOD_MATCH = YES;
				"CODE_SIGN_IDENTITY[sdk=iphoneos*]" = "iPhone Developer";
				COPY_PHASE_STRIP = NO;
				DEBUG_INFORMATION_FORMAT = dwarf;
				ENABLE_STRICT_OBJC_MSGSEND = YES;
				ENABLE_TESTABILITY = YES;
				GCC_C_LANGUAGE_STANDARD = gnu99;
				GCC_DYNAMIC_NO_PIC = NO;
				GCC_NO_COMMON_BLOCKS = YES;
				GCC_OPTIMIZATION_LEVEL = 0;
				GCC_PREPROCESSOR_DEFINITIONS = (
					"DEBUG=1",
					"$(inherited)",
				);
				GCC_WARN_64_TO_32_BIT_CONVERSION = YES;
				GCC_WARN_ABOUT_RETURN_TYPE = YES_ERROR;
				GCC_WARN_UNDECLARED_SELECTOR = YES;
				GCC_WARN_UNINITIALIZED_AUTOS = YES_AGGRESSIVE;
				GCC_WARN_UNUSED_FUNCTION = YES;
				GCC_WARN_UNUSED_VARIABLE = YES;
				IPHONEOS_DEPLOYMENT_TARGET = 9.1;
				MTL_ENABLE_DEBUG_INFO = YES;
				ONLY_ACTIVE_ARCH = YES;
				SDKROOT = iphoneos;
				TARGETED_DEVICE_FAMILY = "1,2";
			};
			name = Debug;
		};
		4BFD49B21C0127D500D2331A /* Release */ = {
			isa = XCBuildConfiguration;
			buildSettings = {
				ALWAYS_SEARCH_USER_PATHS = NO;
				CLANG_CXX_LANGUAGE_STANDARD = "gnu++0x";
				CLANG_CXX_LIBRARY = "libc++";
				CLANG_ENABLE_MODULES = YES;
				CLANG_ENABLE_OBJC_ARC = YES;
				CLANG_WARN_BOOL_CONVERSION = YES;
				CLANG_WARN_CONSTANT_CONVERSION = YES;
				CLANG_WARN_DIRECT_OBJC_ISA_USAGE = YES_ERROR;
				CLANG_WARN_EMPTY_BODY = YES;
				CLANG_WARN_ENUM_CONVERSION = YES;
				CLANG_WARN_INT_CONVERSION = YES;
				CLANG_WARN_OBJC_ROOT_CLASS = YES_ERROR;
				CLANG_WARN_UNREACHABLE_CODE = YES;
				CLANG_WARN__DUPLICATE_METHOD_MATCH = YES;
				"CODE_SIGN_IDENTITY[sdk=iphoneos*]" = "iPhone Developer";
				COPY_PHASE_STRIP = NO;
				DEBUG_INFORMATION_FORMAT = "dwarf-with-dsym";
				ENABLE_NS_ASSERTIONS = NO;
				ENABLE_STRICT_OBJC_MSGSEND = YES;
				GCC_C_LANGUAGE_STANDARD = gnu99;
				GCC_NO_COMMON_BLOCKS = YES;
				GCC_WARN_64_TO_32_BIT_CONVERSION = YES;
				GCC_WARN_ABOUT_RETURN_TYPE = YES_ERROR;
				GCC_WARN_UNDECLARED_SELECTOR = YES;
				GCC_WARN_UNINITIALIZED_AUTOS = YES_AGGRESSIVE;
				GCC_WARN_UNUSED_FUNCTION = YES;
				GCC_WARN_UNUSED_VARIABLE = YES;
				IPHONEOS_DEPLOYMENT_TARGET = 9.1;
				MTL_ENABLE_DEBUG_INFO = NO;
				SDKROOT = iphoneos;
				TARGETED_DEVICE_FAMILY = "1,2";
				VALIDATE_PRODUCT = YES;
			};
			name = Release;
		};
		4BFD49B41C0127D500D2331A /* Debug */ = {
			isa = XCBuildConfiguration;
			baseConfigurationReference = D2768AB70F1C5D3DB016676E /* Pods.debug.xcconfig */;
			buildSettings = {
				ASSETCATALOG_COMPILER_APPICON_NAME = AppIcon;
				CODE_SIGN_IDENTITY = "iPhone Developer: Kien Nguyen (EA6A8GUBEJ)";
				INFOPLIST_FILE = KDNScenePath/Info.plist;
				LD_RUNPATH_SEARCH_PATHS = "$(inherited) @executable_path/Frameworks";
				PRODUCT_BUNDLE_IDENTIFIER = com.duykien.KDNScenePath;
				PRODUCT_NAME = "$(TARGET_NAME)";
			};
			name = Debug;
		};
		4BFD49B51C0127D500D2331A /* Release */ = {
			isa = XCBuildConfiguration;
			baseConfigurationReference = C7596085230ECF242D93A26B /* Pods.release.xcconfig */;
			buildSettings = {
				ASSETCATALOG_COMPILER_APPICON_NAME = AppIcon;
				CODE_SIGN_IDENTITY = "iPhone Developer: Kien Nguyen (EA6A8GUBEJ)";
				INFOPLIST_FILE = KDNScenePath/Info.plist;
				LD_RUNPATH_SEARCH_PATHS = "$(inherited) @executable_path/Frameworks";
				PRODUCT_BUNDLE_IDENTIFIER = com.duykien.KDNScenePath;
				PRODUCT_NAME = "$(TARGET_NAME)";
			};
			name = Release;
		};
		4BFD49B71C0127D500D2331A /* Debug */ = {
			isa = XCBuildConfiguration;
			buildSettings = {
				BUNDLE_LOADER = "$(TEST_HOST)";
				INFOPLIST_FILE = KDNScenePathTests/Info.plist;
				LD_RUNPATH_SEARCH_PATHS = "$(inherited) @executable_path/Frameworks @loader_path/Frameworks";
				PRODUCT_BUNDLE_IDENTIFIER = com.duykien.KDNScenePathTests;
				PRODUCT_NAME = "$(TARGET_NAME)";
				TEST_HOST = "$(BUILT_PRODUCTS_DIR)/KDNScenePath.app/KDNScenePath";
			};
			name = Debug;
		};
		4BFD49B81C0127D500D2331A /* Release */ = {
			isa = XCBuildConfiguration;
			buildSettings = {
				BUNDLE_LOADER = "$(TEST_HOST)";
				INFOPLIST_FILE = KDNScenePathTests/Info.plist;
				LD_RUNPATH_SEARCH_PATHS = "$(inherited) @executable_path/Frameworks @loader_path/Frameworks";
				PRODUCT_BUNDLE_IDENTIFIER = com.duykien.KDNScenePathTests;
				PRODUCT_NAME = "$(TARGET_NAME)";
				TEST_HOST = "$(BUILT_PRODUCTS_DIR)/KDNScenePath.app/KDNScenePath";
			};
			name = Release;
		};
		4BFD49BA1C0127D500D2331A /* Debug */ = {
			isa = XCBuildConfiguration;
			buildSettings = {
				INFOPLIST_FILE = KDNScenePathUITests/Info.plist;
				LD_RUNPATH_SEARCH_PATHS = "$(inherited) @executable_path/Frameworks @loader_path/Frameworks";
				PRODUCT_BUNDLE_IDENTIFIER = com.duykien.KDNScenePathUITests;
				PRODUCT_NAME = "$(TARGET_NAME)";
				TEST_TARGET_NAME = KDNScenePath;
				USES_XCTRUNNER = YES;
			};
			name = Debug;
		};
		4BFD49BB1C0127D500D2331A /* Release */ = {
			isa = XCBuildConfiguration;
			buildSettings = {
				INFOPLIST_FILE = KDNScenePathUITests/Info.plist;
				LD_RUNPATH_SEARCH_PATHS = "$(inherited) @executable_path/Frameworks @loader_path/Frameworks";
				PRODUCT_BUNDLE_IDENTIFIER = com.duykien.KDNScenePathUITests;
				PRODUCT_NAME = "$(TARGET_NAME)";
				TEST_TARGET_NAME = KDNScenePath;
				USES_XCTRUNNER = YES;
			};
			name = Release;
		};
/* End XCBuildConfiguration section */

/* Begin XCConfigurationList section */
		4BFD49811C0127D400D2331A /* Build configuration list for PBXProject "KDNScenePath" */ = {
			isa = XCConfigurationList;
			buildConfigurations = (
				4BFD49B11C0127D500D2331A /* Debug */,
				4BFD49B21C0127D500D2331A /* Release */,
			);
			defaultConfigurationIsVisible = 0;
			defaultConfigurationName = Release;
		};
		4BFD49B31C0127D500D2331A /* Build configuration list for PBXNativeTarget "KDNScenePath" */ = {
			isa = XCConfigurationList;
			buildConfigurations = (
				4BFD49B41C0127D500D2331A /* Debug */,
				4BFD49B51C0127D500D2331A /* Release */,
			);
			defaultConfigurationIsVisible = 0;
			defaultConfigurationName = Release;
		};
		4BFD49B61C0127D500D2331A /* Build configuration list for PBXNativeTarget "KDNScenePathTests" */ = {
			isa = XCConfigurationList;
			buildConfigurations = (
				4BFD49B71C0127D500D2331A /* Debug */,
				4BFD49B81C0127D500D2331A /* Release */,
			);
			defaultConfigurationIsVisible = 0;
			defaultConfigurationName = Release;
		};
		4BFD49B91C0127D500D2331A /* Build configuration list for PBXNativeTarget "KDNScenePathUITests" */ = {
			isa = XCConfigurationList;
			buildConfigurations = (
				4BFD49BA1C0127D500D2331A /* Debug */,
				4BFD49BB1C0127D500D2331A /* Release */,
			);
			defaultConfigurationIsVisible = 0;
			defaultConfigurationName = Release;
		};
/* End XCConfigurationList section */
	};
	rootObject = 4BFD497E1C0127D400D2331A /* Project object */;
}
